
Microsoft Visual Studio Solution File, Format Version 12.00
# Visual Studio 2012
Project("{FAE04EC0-301F-11D3-BF4B-00C04F79EFBC}") = "Mvc4Bootstrap", "Mvc4Bootstrap\Mvc4Bootstrap.csproj", "{31254C63-34C4-42F0-9664-6A60A4B79E75}"
EndProject
Project("{2150E333-8FDC-42A3-9474-1A3956D46DE8}") = ".nuget", ".nuget", "{C1E32B4F-C34F-4364-8AAF-B21F131B6319}"
	ProjectSection(SolutionItems) = preProject
		.nuget\NuGet.Config = .nuget\NuGet.Config
		.nuget\NuGet.exe = .nuget\NuGet.exe
		.nuget\NuGet.targets = .nuget\NuGet.targets
	EndProjectSection
EndProject
Global
	GlobalSection(SolutionConfigurationPlatforms) = preSolution
		Debug|Any CPU = Debug|Any CPU
		Release|Any CPU = Release|Any CPU
	EndGlobalSection
	GlobalSection(ProjectConfigurationPlatforms) = postSolution
		{31254C63-34C4-42F0-9664-6A60A4B79E75}.Debug|Any CPU.ActiveCfg = Debug|Any CPU
		{31254C63-34C4-42F0-9664-6A60A4B79E75}.Debug|Any CPU.Build.0 = Debug|Any CPU
		{31254C63-34C4-42F0-9664-6A60A4B79E75}.Release|Any CPU.ActiveCfg = Release|Any CPU
		{31254C63-34C4-42F0-9664-6A60A4B79E75}.Release|Any CPU.Build.0 = Release|Any CPU
	EndGlobalSection
	GlobalSection(SolutionProperties) = preSolution
		HideSolutionNode = FALSE
	EndGlobalSection
EndGlobal
